<Solution>
  <Project Path="AlTayerERP.API/AlTayerERP.API.csproj" />
  <Project Path="AlTayerERP.Core/AlTayerERP.Core.csproj" />
  <Project Path="AlTayerERP.Desktop/AlTayerERP.Desktop.csproj" />
  <Project Path="AlTayerERP.Infrastructure/AlTayerERP.Infrastructure.csproj" />
  <Project Path="AlTayerERP.Tests/AlTayerERP.Tests.csproj" />
</Solution>
